
Microsoft Visual Studio Solution File, Format Version 12.00
# Visual Studio Version 17
VisualStudioVersion = 17.5.33627.172
MinimumVisualStudioVersion = 10.0.40219.1
Project("{9A19103F-16F7-4668-BE54-9A1E7A4F7556}") = "Uyga_vazifa1", "Uyga_vazifa1\Uyga_vazifa1.csproj", "{67F08D7C-584B-4A30-B97E-619B477B9325}"
EndProject
Project("{2150E333-8FDC-42A3-9474-1A3956D46DE8}") = "N4", "N4", "{777ADEA3-FB2D-4454-B27A-3E4FA5B618FB}"
EndProject
Project("{2150E333-8FDC-42A3-9474-1A3956D46DE8}") = "TASKS", "TASKS", "{89273CB1-7D61-468B-8192-386CDA9E1A90}"
EndProject
Project("{9A19103F-16F7-4668-BE54-9A1E7A4F7556}") = "N4-TASKS", "N4-TASKS\N4-TASKS.csproj", "{B4CBD359-EF03-4BEE-93C8-B881C2AE8053}"
EndProject
Project("{9A19103F-16F7-4668-BE54-9A1E7A4F7556}") = "N4-TASKS2", "N4-TASKS2\N4-TASKS2.csproj", "{1B384435-B8FA-4B51-9642-6DAB401EB5BB}"
EndProject
Project("{2150E333-8FDC-42A3-9474-1A3956D46DE8}") = "N5", "N5", "{6E4F61F6-8B99-4651-8EF3-BA8F87E5F43D}"
EndProject
Project("{2150E333-8FDC-42A3-9474-1A3956D46DE8}") = "CT", "CT", "{4E0DBFB4-3519-4B43-AFBA-B683A5D09A94}"
EndProject
Project("{2150E333-8FDC-42A3-9474-1A3956D46DE8}") = "HT", "HT", "{F8BE38AA-B362-4C57-A290-68E8A59CC1E4}"
EndProject
Project("{9A19103F-16F7-4668-BE54-9A1E7A4F7556}") = "N5_CT", "N5_CT\N5_CT.csproj", "{BE7A04B1-2099-49D5-ACAB-40F2803D3AA8}"
EndProject
Project("{9A19103F-16F7-4668-BE54-9A1E7A4F7556}") = "N5_HT", "N5_HT\N5_HT.csproj", "{4C39EB97-BB1A-49D3-8C16-5F924F92B9E2}"
EndProject
Project("{2150E333-8FDC-42A3-9474-1A3956D46DE8}") = "N6", "N6", "{5ED93F49-135B-4109-958E-D05D1F2AAD6F}"
EndProject
Project("{2150E333-8FDC-42A3-9474-1A3956D46DE8}") = "N6-HT", "N6-HT", "{E85A4B44-629C-4672-8BCB-1E934F3AD3E6}"
EndProject
Project("{2150E333-8FDC-42A3-9474-1A3956D46DE8}") = "N6-CT", "N6-CT", "{AB3BB8DF-F1B9-4395-BDCA-17932A1124B5}"
EndProject
Project("{9A19103F-16F7-4668-BE54-9A1E7A4F7556}") = "HT-TASK1", "HT-TASK1\HT-TASK1.csproj", "{14F91820-E4F8-42CF-B65D-4E7E19080C0B}"
EndProject
Project("{9A19103F-16F7-4668-BE54-9A1E7A4F7556}") = "CT6-T6", "CT6-T6\CT6-T6.csproj", "{486F6DE8-2655-4638-B3D8-A294DEEF4689}"
EndProject
Project("{9A19103F-16F7-4668-BE54-9A1E7A4F7556}") = "N6-HT6", "N6-HT6\N6-HT6.csproj", "{05D14E15-43BE-4364-A331-245BD75816E4}"
EndProject
Project("{2150E333-8FDC-42A3-9474-1A3956D46DE8}") = "N7", "N7", "{C8F6D13F-1951-45E8-ADB4-AA52B5CC21C8}"
EndProject
Project("{2150E333-8FDC-42A3-9474-1A3956D46DE8}") = "N7-CT", "N7-CT", "{E088C3C2-21AE-4AD0-BB8C-05152E686471}"
EndProject
Project("{2150E333-8FDC-42A3-9474-1A3956D46DE8}") = "N7-HT", "N7-HT", "{FB17661D-244E-483A-83DA-B0AC6B08DEF0}"
EndProject
Project("{9A19103F-16F7-4668-BE54-9A1E7A4F7556}") = "N7-CT-Task1", "N7-CT-Task1\N7-CT-Task1.csproj", "{444F8419-840A-47B0-9F6B-23AE5F662F58}"
EndProject
Project("{9A19103F-16F7-4668-BE54-9A1E7A4F7556}") = "N7-HT-TASK1", "N7-HT-TASK1\N7-HT-TASK1.csproj", "{A9DA2168-4818-488F-AE38-314E6B53A1B0}"
EndProject
Project("{2150E333-8FDC-42A3-9474-1A3956D46DE8}") = "n8", "n8", "{F319E16E-BB7C-4F65-B349-3CEF228E5FF9}"
EndProject
Project("{2150E333-8FDC-42A3-9474-1A3956D46DE8}") = "N8-CT", "N8-CT", "{D572A3C2-B75F-4CBD-A64F-419420BC3C2F}"
EndProject
Project("{2150E333-8FDC-42A3-9474-1A3956D46DE8}") = "N8-HT", "N8-HT", "{E8668982-9534-4D39-A353-588D77ECB1AE}"
EndProject
Project("{9A19103F-16F7-4668-BE54-9A1E7A4F7556}") = "N8-CT-TASK1", "N8-CT-TASK1\N8-CT-TASK1.csproj", "{452BA58A-8D40-4F36-ABD9-55CD52AC1E1A}"
EndProject
Project("{9A19103F-16F7-4668-BE54-9A1E7A4F7556}") = "N8-CT-TASK2", "N8-CT-TASK2\N8-CT-TASK2.csproj", "{9A33BCD2-275A-447B-9A5B-1B22A7900010}"
EndProject
Project("{2150E333-8FDC-42A3-9474-1A3956D46DE8}") = "N9", "N9", "{B518C980-969B-4731-8F29-1B96231B0053}"
EndProject
Project("{2150E333-8FDC-42A3-9474-1A3956D46DE8}") = "N9-CT", "N9-CT", "{46FB3759-991E-49CD-9166-1858A2C720A3}"
EndProject
Project("{2150E333-8FDC-42A3-9474-1A3956D46DE8}") = "N9-HT", "N9-HT", "{97DB5B76-F145-4934-B0EC-DC87C470FFEC}"
EndProject
Project("{9A19103F-16F7-4668-BE54-9A1E7A4F7556}") = "N9-CT-TASK1", "N9-CT-TASK1\N9-CT-TASK1.csproj", "{0C60B3FD-F507-438A-BB67-37CC55C82E47}"
EndProject
Project("{2150E333-8FDC-42A3-9474-1A3956D46DE8}") = "N9-HT-TASK1", "N9-HT-TASK1", "{2CBD5FE6-4672-43AC-8C53-6B5C9F3D94BD}"
EndProject
Project("{9A19103F-16F7-4668-BE54-9A1E7A4F7556}") = "N9-HT-Task1", "N9-HT-Task1\N9-HT-Task1.csproj", "{F5BAB006-3F0E-4D4D-ACBF-E93F08C53C78}"
EndProject
Project("{2150E333-8FDC-42A3-9474-1A3956D46DE8}") = "N9-HT-Task2", "N9-HT-Task2", "{10E5C94E-6330-488C-A7F4-6121E9EA3140}"
EndProject
Project("{9A19103F-16F7-4668-BE54-9A1E7A4F7556}") = "N9-HT-Task2", "N9-HT-Task2\N9-HT-Task2.csproj", "{9FCC1FCA-E5D4-4BD6-98B9-65507511A852}"
EndProject
Project("{2150E333-8FDC-42A3-9474-1A3956D46DE8}") = "N10", "N10", "{91CEA3D8-9C2A-430A-9D37-75ACFF41866B}"
EndProject
Project("{2150E333-8FDC-42A3-9474-1A3956D46DE8}") = "N10-CT", "N10-CT", "{34024A7F-EB6D-48D8-8FBD-A59391A18E91}"
EndProject
Project("{9A19103F-16F7-4668-BE54-9A1E7A4F7556}") = "N10-CT-task1", "N10-CT-task1\N10-CT-task1.csproj", "{0F6FB8DA-F6AC-4298-9459-14C827B0BF5B}"
EndProject
Project("{9A19103F-16F7-4668-BE54-9A1E7A4F7556}") = "N10-CT-Task2", "N10-CT-Task2\N10-CT-Task2.csproj", "{A3A0D2AF-23CA-4A59-A0D2-7FF3C911DE41}"
EndProject
Project("{2150E333-8FDC-42A3-9474-1A3956D46DE8}") = "N10-HT", "N10-HT", "{353E47D8-6C9C-430A-BF3F-35C6B186EFDF}"
EndProject
Project("{9A19103F-16F7-4668-BE54-9A1E7A4F7556}") = "N10-HT-task1", "N10-HT-task1\N10-HT-task1.csproj", "{8D6958CC-F03A-47F8-85D2-C766E4BD841E}"
EndProject
Project("{2150E333-8FDC-42A3-9474-1A3956D46DE8}") = "N11", "N11", "{4ECAB7CC-C76A-4455-BE48-11628D505DB8}"
EndProject
Project("{2150E333-8FDC-42A3-9474-1A3956D46DE8}") = "N11-CT", "N11-CT", "{7859ECE4-33C7-4D27-BF82-1AC3B16591B3}"
EndProject
Project("{2150E333-8FDC-42A3-9474-1A3956D46DE8}") = "N11-HT", "N11-HT", "{9BE41D51-15AC-48EE-9395-CA49A5B94C76}"
EndProject
Project("{9A19103F-16F7-4668-BE54-9A1E7A4F7556}") = "N11-CT-Task1", "N11-CT-Task1\N11-CT-Task1.csproj", "{AE42DDF5-870D-4F97-A66A-71CAECDF3464}"
EndProject
Project("{9A19103F-16F7-4668-BE54-9A1E7A4F7556}") = "N11-HT-Task1", "N11-HT-Task1\N11-HT-Task1.csproj", "{88C0160F-1A98-4DA6-8C58-827A635530D4}"
EndProject
Project("{9A19103F-16F7-4668-BE54-9A1E7A4F7556}") = "N11-HT-Task2", "N11-HT-Task2\N11-HT-Task2.csproj", "{830F67B0-F2E3-4543-9C3A-9F0F5BB215FE}"
EndProject
Project("{2150E333-8FDC-42A3-9474-1A3956D46DE8}") = "AMALYOT UCHUN", "AMALYOT UCHUN", "{836CE24B-5ECD-4DA8-83FA-F53DA22409DA}"
EndProject
Project("{2150E333-8FDC-42A3-9474-1A3956D46DE8}") = "N11-TASKS", "N11-TASKS", "{96B9A092-396D-44F4-BA80-2DE58E431543}"
EndProject
Project("{9A19103F-16F7-4668-BE54-9A1E7A4F7556}") = "N11-TASKS-Task1", "N11-TASKS-Task1\N11-TASKS-Task1.csproj", "{F20F63D8-AA0B-4CA5-8F8A-B4ACB20EEE26}"
EndProject
Project("{2150E333-8FDC-42A3-9474-1A3956D46DE8}") = "N12", "N12", "{2EC9D6D0-2455-42C2-A9E6-16B596F4E2F6}"
EndProject
Project("{2150E333-8FDC-42A3-9474-1A3956D46DE8}") = "N12-CT", "N12-CT", "{DBBD4EEE-04F6-4360-8FDE-F24D59623731}"
EndProject
Project("{9A19103F-16F7-4668-BE54-9A1E7A4F7556}") = "N12-CT-task1", "N12-CT-task1\N12-CT-task1.csproj", "{4741B903-0609-400B-9B2A-453467662287}"
EndProject
Project("{2150E333-8FDC-42A3-9474-1A3956D46DE8}") = "N12-HT", "N12-HT", "{1EEAAFC3-8A26-48B5-8B9B-40682E85D61A}"
EndProject
Project("{9A19103F-16F7-4668-BE54-9A1E7A4F7556}") = "N12-HT-Task1", "N12-HT-Task1\N12-HT-Task1.csproj", "{DD607B44-79B0-4C40-9693-6F4CA85DA1AA}"
EndProject
Project("{9A19103F-16F7-4668-BE54-9A1E7A4F7556}") = "N12-HT-Task2", "N12-HT-Task2\N12-HT-Task2.csproj", "{3D905D72-75EA-44C6-919E-99C44A79476B}"
EndProject
Project("{2150E333-8FDC-42A3-9474-1A3956D46DE8}") = "N13", "N13", "{1666C2BA-6531-440A-B38D-B0869629AFD8}"
EndProject
Project("{2150E333-8FDC-42A3-9474-1A3956D46DE8}") = "N13-CT", "N13-CT", "{ED774418-6D51-4678-9B2C-677665CCA49E}"
EndProject
Project("{2150E333-8FDC-42A3-9474-1A3956D46DE8}") = "N13-HT", "N13-HT", "{C5B143EB-F785-47A8-913A-C3E541A485D5}"
EndProject
Project("{9A19103F-16F7-4668-BE54-9A1E7A4F7556}") = "N13-CT-Task1", "N13-CT-Task1\N13-CT-Task1.csproj", "{054921E0-C0CA-4AFE-AF1D-02B5E411A05C}"
EndProject
Project("{9A19103F-16F7-4668-BE54-9A1E7A4F7556}") = "N13-CT-Task2", "N13-CT-Task2\N13-CT-Task2.csproj", "{9A77B070-CA9A-4FE5-98F5-F57AE4F82784}"
EndProject
Project("{9A19103F-16F7-4668-BE54-9A1E7A4F7556}") = "NT13-CT-Task3", "NT13-CT-Task3\NT13-CT-Task3.csproj", "{57EC1C63-06D4-4D1E-B141-9AF2557AAA66}"
EndProject
Project("{9A19103F-16F7-4668-BE54-9A1E7A4F7556}") = "N13-HT-Task1", "N13-HT-Task1\N13-HT-Task1.csproj", "{3EF93E07-910A-4B19-8BE8-509361F2FA79}"
EndProject
Project("{9A19103F-16F7-4668-BE54-9A1E7A4F7556}") = "N13-HT-Task2", "N13-HT-Task2\N13-HT-Task2.csproj", "{FB742DD4-4482-433F-916F-D1B9046657F2}"
EndProject
Project("{2150E333-8FDC-42A3-9474-1A3956D46DE8}") = "N14", "N14", "{CB15A84F-69CC-47A0-A628-6393C09112EB}"
EndProject
Project("{2150E333-8FDC-42A3-9474-1A3956D46DE8}") = "N14-CT", "N14-CT", "{82443F5B-CB0C-4462-8B45-C4E0FB877167}"
EndProject
Project("{9A19103F-16F7-4668-BE54-9A1E7A4F7556}") = "N14-CT-Task1", "N14-CT-Task1\N14-CT-Task1.csproj", "{F0BCB480-B0C4-4C63-A4B6-CD049DAF19C0}"
EndProject
Project("{9A19103F-16F7-4668-BE54-9A1E7A4F7556}") = "NT14-CT-Task2", "NT14-CT-Task2\NT14-CT-Task2.csproj", "{2FB41562-9F13-4DAD-8525-454C8E4AD93C}"
EndProject
Project("{9A19103F-16F7-4668-BE54-9A1E7A4F7556}") = "N14-CT-Task3", "N14-CT-Task3\N14-CT-Task3.csproj", "{273E8D39-8B61-461E-B36D-20A428DD2BD0}"
EndProject
Project("{2150E333-8FDC-42A3-9474-1A3956D46DE8}") = "N14-HT", "N14-HT", "{BB478947-9F44-4AFE-BA2B-238018F87B32}"
EndProject
Project("{9A19103F-16F7-4668-BE54-9A1E7A4F7556}") = "N14-HT-Task1", "N14-HT-Task1\N14-HT-Task1.csproj", "{3EBB8634-01CB-4815-A5B1-581B9D19002E}"
EndProject
Project("{9A19103F-16F7-4668-BE54-9A1E7A4F7556}") = "N14-HT-Task2", "N14-HT-Task2\N14-HT-Task2.csproj", "{937213ED-A982-4FAE-8E1B-2019AECADAA8}"
EndProject
Project("{9A19103F-16F7-4668-BE54-9A1E7A4F7556}") = "N14-HT2-CL2", "N14-HT2-CL2\N14-HT2-CL2.csproj", "{DA9A603C-47B5-44BE-A2BA-BAF543A98E9F}"
EndProject
Project("{2150E333-8FDC-42A3-9474-1A3956D46DE8}") = "N15", "N15", "{C0F4C94B-EF98-4C12-90CD-D1933D9D47BB}"
EndProject
Project("{2150E333-8FDC-42A3-9474-1A3956D46DE8}") = "N15-CT", "N15-CT", "{5AA6F50F-4873-45B8-BBB7-3B241900A06B}"
EndProject
Project("{2150E333-8FDC-42A3-9474-1A3956D46DE8}") = "N15-HT", "N15-HT", "{C58250C6-8050-4529-A50B-79E0F7649CB7}"
EndProject
Project("{9A19103F-16F7-4668-BE54-9A1E7A4F7556}") = "N15-HT-Task1", "N15-HT-Task1\N15-HT-Task1.csproj", "{D0BEE3C3-08F8-4269-94DD-F971B14EA3BB}"
EndProject
Project("{9A19103F-16F7-4668-BE54-9A1E7A4F7556}") = "N15-HT-Task2", "N15-HT-Task2\N15-HT-Task2.csproj", "{B45B3E32-16BC-49B2-923A-20E3B2E8718E}"
EndProject
Project("{9A19103F-16F7-4668-BE54-9A1E7A4F7556}") = "Amalytouchun", "Amalytouchun\Amalytouchun.csproj", "{CA86F4AA-0F82-4B20-B7AB-8C3B7B91F789}"
EndProject
Project("{2150E333-8FDC-42A3-9474-1A3956D46DE8}") = "N16", "N16", "{397B1AE1-99C4-481C-A0D0-7924D5812425}"
EndProject
Project("{2150E333-8FDC-42A3-9474-1A3956D46DE8}") = "N16-CT", "N16-CT", "{3ADF4404-9682-4F32-B043-47305B423D2A}"
EndProject
Project("{2150E333-8FDC-42A3-9474-1A3956D46DE8}") = "N16-Ht", "N16-Ht", "{F7D9D17C-5BDA-4BF6-AFD4-54E4334038B2}"
EndProject
Project("{9A19103F-16F7-4668-BE54-9A1E7A4F7556}") = "N16-Ct-Task1", "N16-Ct-Task1\N16-Ct-Task1.csproj", "{379B6D0E-BB82-4143-A14A-4FB72C512199}"
EndProject
Project("{9A19103F-16F7-4668-BE54-9A1E7A4F7556}") = "N16-CT-Task2", "N16-CT-Task2\N16-CT-Task2.csproj", "{F8BCCD9B-9A7C-40E0-AC74-68A1B2BD282A}"
EndProject
Project("{9A19103F-16F7-4668-BE54-9A1E7A4F7556}") = "N16-HT-Task1", "ConsoleApp1\N16-HT-Task1.csproj", "{14FDFFF5-58A8-4B0F-9F89-625FDC0428FC}"
EndProject
Project("{9A19103F-16F7-4668-BE54-9A1E7A4F7556}") = "N16-HT-task2", "N16-HT-task2\N16-HT-task2.csproj", "{E4C1004B-DA99-4C5B-AB6B-FAA5FDD8D7A2}"
EndProject
Project("{2150E333-8FDC-42A3-9474-1A3956D46DE8}") = "N17", "N17", "{D9AE9DD6-4C36-464A-8673-0EDD496169D7}"
EndProject
Project("{2150E333-8FDC-42A3-9474-1A3956D46DE8}") = "N17-CT", "N17-CT", "{E3E206C4-0359-4F72-B4DA-166246DCD52C}"
EndProject
Project("{9A19103F-16F7-4668-BE54-9A1E7A4F7556}") = "N17-CT-Task1", "N17-CT-Task1\N17-CT-Task1.csproj", "{9AA7F694-B3D2-4842-9DBB-5629BBA469B2}"
EndProject
Project("{9A19103F-16F7-4668-BE54-9A1E7A4F7556}") = "N17-CT-Task2", "N17-CT-Task2\N17-CT-Task2.csproj", "{957459AA-508A-459C-A763-50F2AA08D117}"
EndProject
Project("{9A19103F-16F7-4668-BE54-9A1E7A4F7556}") = "amaly", "amaly\amaly.csproj", "{948A67DF-530D-42E2-BEA5-1A6E747F71E6}"
EndProject
Project("{2150E333-8FDC-42A3-9474-1A3956D46DE8}") = "N17-HT", "N17-HT", "{8AB09A2C-F7DA-41C3-BBD2-81AF92BAC1EB}"
EndProject
Project("{9A19103F-16F7-4668-BE54-9A1E7A4F7556}") = "N17-HT-Task1", "N17-HT-Task1\N17-HT-Task1.csproj", "{9EB0773F-DEC3-4369-A18C-3CF7086F8D44}"
EndProject
Project("{9A19103F-16F7-4668-BE54-9A1E7A4F7556}") = "N17-HT-Task2", "N17-HT-Task2\N17-HT-Task2.csproj", "{725D9A10-38E3-4A06-8070-732B85B4C4B7}"
EndProject
Project("{2150E333-8FDC-42A3-9474-1A3956D46DE8}") = "N18", "N18", "{3663233C-9DE8-4BCE-BB99-01BD72C57930}"
EndProject
Project("{2150E333-8FDC-42A3-9474-1A3956D46DE8}") = "N18-ct", "N18-ct", "{5F309D2C-C5C4-4AEC-B4AD-3A83879FD339}"
EndProject
Project("{9A19103F-16F7-4668-BE54-9A1E7A4F7556}") = "N18-CT-Task1", "N18-CT-Task1\N18-CT-Task1.csproj", "{ECC5D625-2A71-43B3-BA4D-38AF9BBA30ED}"
EndProject
Project("{2150E333-8FDC-42A3-9474-1A3956D46DE8}") = "N19", "N19", "{0DABD856-78B7-48E6-B032-2FEB2D49F38A}"
EndProject
Project("{2150E333-8FDC-42A3-9474-1A3956D46DE8}") = "N19-CT", "N19-CT", "{188D419E-C8D5-4244-BCEA-0C1E934C8DF4}"
EndProject
Project("{2150E333-8FDC-42A3-9474-1A3956D46DE8}") = "N19-HT", "N19-HT", "{E6CB01C8-A502-42A3-AAED-85F0ADC2338B}"
EndProject
Project("{9A19103F-16F7-4668-BE54-9A1E7A4F7556}") = "N19-CT-Task2", "N19-CT-Task2\N19-CT-Task2.csproj", "{478D6AC7-75A1-45AE-87F4-A40E00CD2D55}"
EndProject
Project("{FAE04EC0-301F-11D3-BF4B-00C04F79EFBC}") = "N19-CT-Task3", "N19-CT-Task3\N19-CT-Task3.csproj", "{6B051B29-EB66-4DC1-9643-26BFF6082C89}"
EndProject
Global
	GlobalSection(SolutionConfigurationPlatforms) = preSolution
		Debug|Any CPU = Debug|Any CPU
		Release|Any CPU = Release|Any CPU
	EndGlobalSection
	GlobalSection(ProjectConfigurationPlatforms) = postSolution
		{67F08D7C-584B-4A30-B97E-619B477B9325}.Debug|Any CPU.ActiveCfg = Debug|Any CPU
		{67F08D7C-584B-4A30-B97E-619B477B9325}.Debug|Any CPU.Build.0 = Debug|Any CPU
		{67F08D7C-584B-4A30-B97E-619B477B9325}.Release|Any CPU.ActiveCfg = Release|Any CPU
		{67F08D7C-584B-4A30-B97E-619B477B9325}.Release|Any CPU.Build.0 = Release|Any CPU
		{B4CBD359-EF03-4BEE-93C8-B881C2AE8053}.Debug|Any CPU.ActiveCfg = Debug|Any CPU
		{B4CBD359-EF03-4BEE-93C8-B881C2AE8053}.Debug|Any CPU.Build.0 = Debug|Any CPU
		{B4CBD359-EF03-4BEE-93C8-B881C2AE8053}.Release|Any CPU.ActiveCfg = Release|Any CPU
		{B4CBD359-EF03-4BEE-93C8-B881C2AE8053}.Release|Any CPU.Build.0 = Release|Any CPU
		{1B384435-B8FA-4B51-9642-6DAB401EB5BB}.Debug|Any CPU.ActiveCfg = Debug|Any CPU
		{1B384435-B8FA-4B51-9642-6DAB401EB5BB}.Debug|Any CPU.Build.0 = Debug|Any CPU
		{1B384435-B8FA-4B51-9642-6DAB401EB5BB}.Release|Any CPU.ActiveCfg = Release|Any CPU
		{1B384435-B8FA-4B51-9642-6DAB401EB5BB}.Release|Any CPU.Build.0 = Release|Any CPU
		{BE7A04B1-2099-49D5-ACAB-40F2803D3AA8}.Debug|Any CPU.ActiveCfg = Debug|Any CPU
		{BE7A04B1-2099-49D5-ACAB-40F2803D3AA8}.Debug|Any CPU.Build.0 = Debug|Any CPU
		{BE7A04B1-2099-49D5-ACAB-40F2803D3AA8}.Release|Any CPU.ActiveCfg = Release|Any CPU
		{BE7A04B1-2099-49D5-ACAB-40F2803D3AA8}.Release|Any CPU.Build.0 = Release|Any CPU
		{4C39EB97-BB1A-49D3-8C16-5F924F92B9E2}.Debug|Any CPU.ActiveCfg = Debug|Any CPU
		{4C39EB97-BB1A-49D3-8C16-5F924F92B9E2}.Debug|Any CPU.Build.0 = Debug|Any CPU
		{4C39EB97-BB1A-49D3-8C16-5F924F92B9E2}.Release|Any CPU.ActiveCfg = Release|Any CPU
		{4C39EB97-BB1A-49D3-8C16-5F924F92B9E2}.Release|Any CPU.Build.0 = Release|Any CPU
		{14F91820-E4F8-42CF-B65D-4E7E19080C0B}.Debug|Any CPU.ActiveCfg = Debug|Any CPU
		{14F91820-E4F8-42CF-B65D-4E7E19080C0B}.Debug|Any CPU.Build.0 = Debug|Any CPU
		{14F91820-E4F8-42CF-B65D-4E7E19080C0B}.Release|Any CPU.ActiveCfg = Release|Any CPU
		{14F91820-E4F8-42CF-B65D-4E7E19080C0B}.Release|Any CPU.Build.0 = Release|Any CPU
		{486F6DE8-2655-4638-B3D8-A294DEEF4689}.Debug|Any CPU.ActiveCfg = Debug|Any CPU
		{486F6DE8-2655-4638-B3D8-A294DEEF4689}.Debug|Any CPU.Build.0 = Debug|Any CPU
		{486F6DE8-2655-4638-B3D8-A294DEEF4689}.Release|Any CPU.ActiveCfg = Release|Any CPU
		{486F6DE8-2655-4638-B3D8-A294DEEF4689}.Release|Any CPU.Build.0 = Release|Any CPU
		{05D14E15-43BE-4364-A331-245BD75816E4}.Debug|Any CPU.ActiveCfg = Debug|Any CPU
		{05D14E15-43BE-4364-A331-245BD75816E4}.Debug|Any CPU.Build.0 = Debug|Any CPU
		{05D14E15-43BE-4364-A331-245BD75816E4}.Release|Any CPU.ActiveCfg = Release|Any CPU
		{05D14E15-43BE-4364-A331-245BD75816E4}.Release|Any CPU.Build.0 = Release|Any CPU
		{444F8419-840A-47B0-9F6B-23AE5F662F58}.Debug|Any CPU.ActiveCfg = Debug|Any CPU
		{444F8419-840A-47B0-9F6B-23AE5F662F58}.Debug|Any CPU.Build.0 = Debug|Any CPU
		{444F8419-840A-47B0-9F6B-23AE5F662F58}.Release|Any CPU.ActiveCfg = Release|Any CPU
		{444F8419-840A-47B0-9F6B-23AE5F662F58}.Release|Any CPU.Build.0 = Release|Any CPU
		{A9DA2168-4818-488F-AE38-314E6B53A1B0}.Debug|Any CPU.ActiveCfg = Debug|Any CPU
		{A9DA2168-4818-488F-AE38-314E6B53A1B0}.Debug|Any CPU.Build.0 = Debug|Any CPU
		{A9DA2168-4818-488F-AE38-314E6B53A1B0}.Release|Any CPU.ActiveCfg = Release|Any CPU
		{A9DA2168-4818-488F-AE38-314E6B53A1B0}.Release|Any CPU.Build.0 = Release|Any CPU
		{452BA58A-8D40-4F36-ABD9-55CD52AC1E1A}.Debug|Any CPU.ActiveCfg = Debug|Any CPU
		{452BA58A-8D40-4F36-ABD9-55CD52AC1E1A}.Debug|Any CPU.Build.0 = Debug|Any CPU
		{452BA58A-8D40-4F36-ABD9-55CD52AC1E1A}.Release|Any CPU.ActiveCfg = Release|Any CPU
		{452BA58A-8D40-4F36-ABD9-55CD52AC1E1A}.Release|Any CPU.Build.0 = Release|Any CPU
		{9A33BCD2-275A-447B-9A5B-1B22A7900010}.Debug|Any CPU.ActiveCfg = Debug|Any CPU
		{9A33BCD2-275A-447B-9A5B-1B22A7900010}.Debug|Any CPU.Build.0 = Debug|Any CPU
		{9A33BCD2-275A-447B-9A5B-1B22A7900010}.Release|Any CPU.ActiveCfg = Release|Any CPU
		{9A33BCD2-275A-447B-9A5B-1B22A7900010}.Release|Any CPU.Build.0 = Release|Any CPU
		{0C60B3FD-F507-438A-BB67-37CC55C82E47}.Debug|Any CPU.ActiveCfg = Debug|Any CPU
		{0C60B3FD-F507-438A-BB67-37CC55C82E47}.Debug|Any CPU.Build.0 = Debug|Any CPU
		{0C60B3FD-F507-438A-BB67-37CC55C82E47}.Release|Any CPU.ActiveCfg = Release|Any CPU
		{0C60B3FD-F507-438A-BB67-37CC55C82E47}.Release|Any CPU.Build.0 = Release|Any CPU
		{F5BAB006-3F0E-4D4D-ACBF-E93F08C53C78}.Debug|Any CPU.ActiveCfg = Debug|Any CPU
		{F5BAB006-3F0E-4D4D-ACBF-E93F08C53C78}.Debug|Any CPU.Build.0 = Debug|Any CPU
		{F5BAB006-3F0E-4D4D-ACBF-E93F08C53C78}.Release|Any CPU.ActiveCfg = Release|Any CPU
		{F5BAB006-3F0E-4D4D-ACBF-E93F08C53C78}.Release|Any CPU.Build.0 = Release|Any CPU
		{9FCC1FCA-E5D4-4BD6-98B9-65507511A852}.Debug|Any CPU.ActiveCfg = Debug|Any CPU
		{9FCC1FCA-E5D4-4BD6-98B9-65507511A852}.Debug|Any CPU.Build.0 = Debug|Any CPU
		{9FCC1FCA-E5D4-4BD6-98B9-65507511A852}.Release|Any CPU.ActiveCfg = Release|Any CPU
		{9FCC1FCA-E5D4-4BD6-98B9-65507511A852}.Release|Any CPU.Build.0 = Release|Any CPU
		{0F6FB8DA-F6AC-4298-9459-14C827B0BF5B}.Debug|Any CPU.ActiveCfg = Debug|Any CPU
		{0F6FB8DA-F6AC-4298-9459-14C827B0BF5B}.Debug|Any CPU.Build.0 = Debug|Any CPU
		{0F6FB8DA-F6AC-4298-9459-14C827B0BF5B}.Release|Any CPU.ActiveCfg = Release|Any CPU
		{0F6FB8DA-F6AC-4298-9459-14C827B0BF5B}.Release|Any CPU.Build.0 = Release|Any CPU
		{A3A0D2AF-23CA-4A59-A0D2-7FF3C911DE41}.Debug|Any CPU.ActiveCfg = Debug|Any CPU
		{A3A0D2AF-23CA-4A59-A0D2-7FF3C911DE41}.Debug|Any CPU.Build.0 = Debug|Any CPU
		{A3A0D2AF-23CA-4A59-A0D2-7FF3C911DE41}.Release|Any CPU.ActiveCfg = Release|Any CPU
		{A3A0D2AF-23CA-4A59-A0D2-7FF3C911DE41}.Release|Any CPU.Build.0 = Release|Any CPU
		{8D6958CC-F03A-47F8-85D2-C766E4BD841E}.Debug|Any CPU.ActiveCfg = Debug|Any CPU
		{8D6958CC-F03A-47F8-85D2-C766E4BD841E}.Debug|Any CPU.Build.0 = Debug|Any CPU
		{8D6958CC-F03A-47F8-85D2-C766E4BD841E}.Release|Any CPU.ActiveCfg = Release|Any CPU
		{8D6958CC-F03A-47F8-85D2-C766E4BD841E}.Release|Any CPU.Build.0 = Release|Any CPU
		{AE42DDF5-870D-4F97-A66A-71CAECDF3464}.Debug|Any CPU.ActiveCfg = Debug|Any CPU
		{AE42DDF5-870D-4F97-A66A-71CAECDF3464}.Debug|Any CPU.Build.0 = Debug|Any CPU
		{AE42DDF5-870D-4F97-A66A-71CAECDF3464}.Release|Any CPU.ActiveCfg = Release|Any CPU
		{AE42DDF5-870D-4F97-A66A-71CAECDF3464}.Release|Any CPU.Build.0 = Release|Any CPU
		{88C0160F-1A98-4DA6-8C58-827A635530D4}.Debug|Any CPU.ActiveCfg = Debug|Any CPU
		{88C0160F-1A98-4DA6-8C58-827A635530D4}.Debug|Any CPU.Build.0 = Debug|Any CPU
		{88C0160F-1A98-4DA6-8C58-827A635530D4}.Release|Any CPU.ActiveCfg = Release|Any CPU
		{88C0160F-1A98-4DA6-8C58-827A635530D4}.Release|Any CPU.Build.0 = Release|Any CPU
		{830F67B0-F2E3-4543-9C3A-9F0F5BB215FE}.Debug|Any CPU.ActiveCfg = Debug|Any CPU
		{830F67B0-F2E3-4543-9C3A-9F0F5BB215FE}.Debug|Any CPU.Build.0 = Debug|Any CPU
		{830F67B0-F2E3-4543-9C3A-9F0F5BB215FE}.Release|Any CPU.ActiveCfg = Release|Any CPU
		{830F67B0-F2E3-4543-9C3A-9F0F5BB215FE}.Release|Any CPU.Build.0 = Release|Any CPU
		{F20F63D8-AA0B-4CA5-8F8A-B4ACB20EEE26}.Debug|Any CPU.ActiveCfg = Debug|Any CPU
		{F20F63D8-AA0B-4CA5-8F8A-B4ACB20EEE26}.Debug|Any CPU.Build.0 = Debug|Any CPU
		{F20F63D8-AA0B-4CA5-8F8A-B4ACB20EEE26}.Release|Any CPU.ActiveCfg = Release|Any CPU
		{F20F63D8-AA0B-4CA5-8F8A-B4ACB20EEE26}.Release|Any CPU.Build.0 = Release|Any CPU
		{4741B903-0609-400B-9B2A-453467662287}.Debug|Any CPU.ActiveCfg = Debug|Any CPU
		{4741B903-0609-400B-9B2A-453467662287}.Debug|Any CPU.Build.0 = Debug|Any CPU
		{4741B903-0609-400B-9B2A-453467662287}.Release|Any CPU.ActiveCfg = Release|Any CPU
		{4741B903-0609-400B-9B2A-453467662287}.Release|Any CPU.Build.0 = Release|Any CPU
		{DD607B44-79B0-4C40-9693-6F4CA85DA1AA}.Debug|Any CPU.ActiveCfg = Debug|Any CPU
		{DD607B44-79B0-4C40-9693-6F4CA85DA1AA}.Debug|Any CPU.Build.0 = Debug|Any CPU
		{DD607B44-79B0-4C40-9693-6F4CA85DA1AA}.Release|Any CPU.ActiveCfg = Release|Any CPU
		{DD607B44-79B0-4C40-9693-6F4CA85DA1AA}.Release|Any CPU.Build.0 = Release|Any CPU
		{3D905D72-75EA-44C6-919E-99C44A79476B}.Debug|Any CPU.ActiveCfg = Debug|Any CPU
		{3D905D72-75EA-44C6-919E-99C44A79476B}.Debug|Any CPU.Build.0 = Debug|Any CPU
		{3D905D72-75EA-44C6-919E-99C44A79476B}.Release|Any CPU.ActiveCfg = Release|Any CPU
		{3D905D72-75EA-44C6-919E-99C44A79476B}.Release|Any CPU.Build.0 = Release|Any CPU
		{054921E0-C0CA-4AFE-AF1D-02B5E411A05C}.Debug|Any CPU.ActiveCfg = Debug|Any CPU
		{054921E0-C0CA-4AFE-AF1D-02B5E411A05C}.Debug|Any CPU.Build.0 = Debug|Any CPU
		{054921E0-C0CA-4AFE-AF1D-02B5E411A05C}.Release|Any CPU.ActiveCfg = Release|Any CPU
		{054921E0-C0CA-4AFE-AF1D-02B5E411A05C}.Release|Any CPU.Build.0 = Release|Any CPU
		{9A77B070-CA9A-4FE5-98F5-F57AE4F82784}.Debug|Any CPU.ActiveCfg = Debug|Any CPU
		{9A77B070-CA9A-4FE5-98F5-F57AE4F82784}.Debug|Any CPU.Build.0 = Debug|Any CPU
		{9A77B070-CA9A-4FE5-98F5-F57AE4F82784}.Release|Any CPU.ActiveCfg = Release|Any CPU
		{9A77B070-CA9A-4FE5-98F5-F57AE4F82784}.Release|Any CPU.Build.0 = Release|Any CPU
		{57EC1C63-06D4-4D1E-B141-9AF2557AAA66}.Debug|Any CPU.ActiveCfg = Debug|Any CPU
		{57EC1C63-06D4-4D1E-B141-9AF2557AAA66}.Debug|Any CPU.Build.0 = Debug|Any CPU
		{57EC1C63-06D4-4D1E-B141-9AF2557AAA66}.Release|Any CPU.ActiveCfg = Release|Any CPU
		{57EC1C63-06D4-4D1E-B141-9AF2557AAA66}.Release|Any CPU.Build.0 = Release|Any CPU
		{3EF93E07-910A-4B19-8BE8-509361F2FA79}.Debug|Any CPU.ActiveCfg = Debug|Any CPU
		{3EF93E07-910A-4B19-8BE8-509361F2FA79}.Debug|Any CPU.Build.0 = Debug|Any CPU
		{3EF93E07-910A-4B19-8BE8-509361F2FA79}.Release|Any CPU.ActiveCfg = Release|Any CPU
		{3EF93E07-910A-4B19-8BE8-509361F2FA79}.Release|Any CPU.Build.0 = Release|Any CPU
		{FB742DD4-4482-433F-916F-D1B9046657F2}.Debug|Any CPU.ActiveCfg = Debug|Any CPU
		{FB742DD4-4482-433F-916F-D1B9046657F2}.Debug|Any CPU.Build.0 = Debug|Any CPU
		{FB742DD4-4482-433F-916F-D1B9046657F2}.Release|Any CPU.ActiveCfg = Release|Any CPU
		{FB742DD4-4482-433F-916F-D1B9046657F2}.Release|Any CPU.Build.0 = Release|Any CPU
		{F0BCB480-B0C4-4C63-A4B6-CD049DAF19C0}.Debug|Any CPU.ActiveCfg = Debug|Any CPU
		{F0BCB480-B0C4-4C63-A4B6-CD049DAF19C0}.Debug|Any CPU.Build.0 = Debug|Any CPU
		{F0BCB480-B0C4-4C63-A4B6-CD049DAF19C0}.Release|Any CPU.ActiveCfg = Release|Any CPU
		{F0BCB480-B0C4-4C63-A4B6-CD049DAF19C0}.Release|Any CPU.Build.0 = Release|Any CPU
		{2FB41562-9F13-4DAD-8525-454C8E4AD93C}.Debug|Any CPU.ActiveCfg = Debug|Any CPU
		{2FB41562-9F13-4DAD-8525-454C8E4AD93C}.Debug|Any CPU.Build.0 = Debug|Any CPU
		{2FB41562-9F13-4DAD-8525-454C8E4AD93C}.Release|Any CPU.ActiveCfg = Release|Any CPU
		{2FB41562-9F13-4DAD-8525-454C8E4AD93C}.Release|Any CPU.Build.0 = Release|Any CPU
		{273E8D39-8B61-461E-B36D-20A428DD2BD0}.Debug|Any CPU.ActiveCfg = Debug|Any CPU
		{273E8D39-8B61-461E-B36D-20A428DD2BD0}.Debug|Any CPU.Build.0 = Debug|Any CPU
		{273E8D39-8B61-461E-B36D-20A428DD2BD0}.Release|Any CPU.ActiveCfg = Release|Any CPU
		{273E8D39-8B61-461E-B36D-20A428DD2BD0}.Release|Any CPU.Build.0 = Release|Any CPU
		{3EBB8634-01CB-4815-A5B1-581B9D19002E}.Debug|Any CPU.ActiveCfg = Debug|Any CPU
		{3EBB8634-01CB-4815-A5B1-581B9D19002E}.Debug|Any CPU.Build.0 = Debug|Any CPU
		{3EBB8634-01CB-4815-A5B1-581B9D19002E}.Release|Any CPU.ActiveCfg = Release|Any CPU
		{3EBB8634-01CB-4815-A5B1-581B9D19002E}.Release|Any CPU.Build.0 = Release|Any CPU
		{937213ED-A982-4FAE-8E1B-2019AECADAA8}.Debug|Any CPU.ActiveCfg = Debug|Any CPU
		{937213ED-A982-4FAE-8E1B-2019AECADAA8}.Debug|Any CPU.Build.0 = Debug|Any CPU
		{937213ED-A982-4FAE-8E1B-2019AECADAA8}.Release|Any CPU.ActiveCfg = Release|Any CPU
		{937213ED-A982-4FAE-8E1B-2019AECADAA8}.Release|Any CPU.Build.0 = Release|Any CPU
		{DA9A603C-47B5-44BE-A2BA-BAF543A98E9F}.Debug|Any CPU.ActiveCfg = Debug|Any CPU
		{DA9A603C-47B5-44BE-A2BA-BAF543A98E9F}.Debug|Any CPU.Build.0 = Debug|Any CPU
		{DA9A603C-47B5-44BE-A2BA-BAF543A98E9F}.Release|Any CPU.ActiveCfg = Release|Any CPU
		{DA9A603C-47B5-44BE-A2BA-BAF543A98E9F}.Release|Any CPU.Build.0 = Release|Any CPU
		{D0BEE3C3-08F8-4269-94DD-F971B14EA3BB}.Debug|Any CPU.ActiveCfg = Debug|Any CPU
		{D0BEE3C3-08F8-4269-94DD-F971B14EA3BB}.Debug|Any CPU.Build.0 = Debug|Any CPU
		{D0BEE3C3-08F8-4269-94DD-F971B14EA3BB}.Release|Any CPU.ActiveCfg = Release|Any CPU
		{D0BEE3C3-08F8-4269-94DD-F971B14EA3BB}.Release|Any CPU.Build.0 = Release|Any CPU
		{B45B3E32-16BC-49B2-923A-20E3B2E8718E}.Debug|Any CPU.ActiveCfg = Debug|Any CPU
		{B45B3E32-16BC-49B2-923A-20E3B2E8718E}.Debug|Any CPU.Build.0 = Debug|Any CPU
		{B45B3E32-16BC-49B2-923A-20E3B2E8718E}.Release|Any CPU.ActiveCfg = Release|Any CPU
		{B45B3E32-16BC-49B2-923A-20E3B2E8718E}.Release|Any CPU.Build.0 = Release|Any CPU
		{CA86F4AA-0F82-4B20-B7AB-8C3B7B91F789}.Debug|Any CPU.ActiveCfg = Debug|Any CPU
		{CA86F4AA-0F82-4B20-B7AB-8C3B7B91F789}.Debug|Any CPU.Build.0 = Debug|Any CPU
		{CA86F4AA-0F82-4B20-B7AB-8C3B7B91F789}.Release|Any CPU.ActiveCfg = Release|Any CPU
		{CA86F4AA-0F82-4B20-B7AB-8C3B7B91F789}.Release|Any CPU.Build.0 = Release|Any CPU
		{379B6D0E-BB82-4143-A14A-4FB72C512199}.Debug|Any CPU.ActiveCfg = Debug|Any CPU
		{379B6D0E-BB82-4143-A14A-4FB72C512199}.Debug|Any CPU.Build.0 = Debug|Any CPU
		{379B6D0E-BB82-4143-A14A-4FB72C512199}.Release|Any CPU.ActiveCfg = Release|Any CPU
		{379B6D0E-BB82-4143-A14A-4FB72C512199}.Release|Any CPU.Build.0 = Release|Any CPU
		{F8BCCD9B-9A7C-40E0-AC74-68A1B2BD282A}.Debug|Any CPU.ActiveCfg = Debug|Any CPU
		{F8BCCD9B-9A7C-40E0-AC74-68A1B2BD282A}.Debug|Any CPU.Build.0 = Debug|Any CPU
		{F8BCCD9B-9A7C-40E0-AC74-68A1B2BD282A}.Release|Any CPU.ActiveCfg = Release|Any CPU
		{F8BCCD9B-9A7C-40E0-AC74-68A1B2BD282A}.Release|Any CPU.Build.0 = Release|Any CPU
		{14FDFFF5-58A8-4B0F-9F89-625FDC0428FC}.Debug|Any CPU.ActiveCfg = Debug|Any CPU
		{14FDFFF5-58A8-4B0F-9F89-625FDC0428FC}.Debug|Any CPU.Build.0 = Debug|Any CPU
		{14FDFFF5-58A8-4B0F-9F89-625FDC0428FC}.Release|Any CPU.ActiveCfg = Release|Any CPU
		{14FDFFF5-58A8-4B0F-9F89-625FDC0428FC}.Release|Any CPU.Build.0 = Release|Any CPU
		{E4C1004B-DA99-4C5B-AB6B-FAA5FDD8D7A2}.Debug|Any CPU.ActiveCfg = Debug|Any CPU
		{E4C1004B-DA99-4C5B-AB6B-FAA5FDD8D7A2}.Debug|Any CPU.Build.0 = Debug|Any CPU
		{E4C1004B-DA99-4C5B-AB6B-FAA5FDD8D7A2}.Release|Any CPU.ActiveCfg = Release|Any CPU
		{E4C1004B-DA99-4C5B-AB6B-FAA5FDD8D7A2}.Release|Any CPU.Build.0 = Release|Any CPU
		{9AA7F694-B3D2-4842-9DBB-5629BBA469B2}.Debug|Any CPU.ActiveCfg = Debug|Any CPU
		{9AA7F694-B3D2-4842-9DBB-5629BBA469B2}.Debug|Any CPU.Build.0 = Debug|Any CPU
		{9AA7F694-B3D2-4842-9DBB-5629BBA469B2}.Release|Any CPU.ActiveCfg = Release|Any CPU
		{9AA7F694-B3D2-4842-9DBB-5629BBA469B2}.Release|Any CPU.Build.0 = Release|Any CPU
		{957459AA-508A-459C-A763-50F2AA08D117}.Debug|Any CPU.ActiveCfg = Debug|Any CPU
		{957459AA-508A-459C-A763-50F2AA08D117}.Debug|Any CPU.Build.0 = Debug|Any CPU
		{957459AA-508A-459C-A763-50F2AA08D117}.Release|Any CPU.ActiveCfg = Release|Any CPU
		{957459AA-508A-459C-A763-50F2AA08D117}.Release|Any CPU.Build.0 = Release|Any CPU
		{948A67DF-530D-42E2-BEA5-1A6E747F71E6}.Debug|Any CPU.ActiveCfg = Debug|Any CPU
		{948A67DF-530D-42E2-BEA5-1A6E747F71E6}.Debug|Any CPU.Build.0 = Debug|Any CPU
		{948A67DF-530D-42E2-BEA5-1A6E747F71E6}.Release|Any CPU.ActiveCfg = Release|Any CPU
		{948A67DF-530D-42E2-BEA5-1A6E747F71E6}.Release|Any CPU.Build.0 = Release|Any CPU
		{9EB0773F-DEC3-4369-A18C-3CF7086F8D44}.Debug|Any CPU.ActiveCfg = Debug|Any CPU
		{9EB0773F-DEC3-4369-A18C-3CF7086F8D44}.Debug|Any CPU.Build.0 = Debug|Any CPU
		{9EB0773F-DEC3-4369-A18C-3CF7086F8D44}.Release|Any CPU.ActiveCfg = Release|Any CPU
		{9EB0773F-DEC3-4369-A18C-3CF7086F8D44}.Release|Any CPU.Build.0 = Release|Any CPU
		{725D9A10-38E3-4A06-8070-732B85B4C4B7}.Debug|Any CPU.ActiveCfg = Debug|Any CPU
		{725D9A10-38E3-4A06-8070-732B85B4C4B7}.Debug|Any CPU.Build.0 = Debug|Any CPU
		{725D9A10-38E3-4A06-8070-732B85B4C4B7}.Release|Any CPU.ActiveCfg = Release|Any CPU
		{725D9A10-38E3-4A06-8070-732B85B4C4B7}.Release|Any CPU.Build.0 = Release|Any CPU
		{ECC5D625-2A71-43B3-BA4D-38AF9BBA30ED}.Debug|Any CPU.ActiveCfg = Debug|Any CPU
		{ECC5D625-2A71-43B3-BA4D-38AF9BBA30ED}.Debug|Any CPU.Build.0 = Debug|Any CPU
		{ECC5D625-2A71-43B3-BA4D-38AF9BBA30ED}.Release|Any CPU.ActiveCfg = Release|Any CPU
		{ECC5D625-2A71-43B3-BA4D-38AF9BBA30ED}.Release|Any CPU.Build.0 = Release|Any CPU
		{478D6AC7-75A1-45AE-87F4-A40E00CD2D55}.Debug|Any CPU.ActiveCfg = Debug|Any CPU
		{478D6AC7-75A1-45AE-87F4-A40E00CD2D55}.Debug|Any CPU.Build.0 = Debug|Any CPU
		{478D6AC7-75A1-45AE-87F4-A40E00CD2D55}.Release|Any CPU.ActiveCfg = Release|Any CPU
		{478D6AC7-75A1-45AE-87F4-A40E00CD2D55}.Release|Any CPU.Build.0 = Release|Any CPU
		{6B051B29-EB66-4DC1-9643-26BFF6082C89}.Debug|Any CPU.ActiveCfg = Debug|Any CPU
		{6B051B29-EB66-4DC1-9643-26BFF6082C89}.Debug|Any CPU.Build.0 = Debug|Any CPU
		{6B051B29-EB66-4DC1-9643-26BFF6082C89}.Release|Any CPU.ActiveCfg = Release|Any CPU
		{6B051B29-EB66-4DC1-9643-26BFF6082C89}.Release|Any CPU.Build.0 = Release|Any CPU
	EndGlobalSection
	GlobalSection(SolutionProperties) = preSolution
		HideSolutionNode = FALSE
	EndGlobalSection
	GlobalSection(NestedProjects) = preSolution
		{89273CB1-7D61-468B-8192-386CDA9E1A90} = {777ADEA3-FB2D-4454-B27A-3E4FA5B618FB}
		{B4CBD359-EF03-4BEE-93C8-B881C2AE8053} = {89273CB1-7D61-468B-8192-386CDA9E1A90}
		{1B384435-B8FA-4B51-9642-6DAB401EB5BB} = {89273CB1-7D61-468B-8192-386CDA9E1A90}
		{4E0DBFB4-3519-4B43-AFBA-B683A5D09A94} = {6E4F61F6-8B99-4651-8EF3-BA8F87E5F43D}
		{F8BE38AA-B362-4C57-A290-68E8A59CC1E4} = {6E4F61F6-8B99-4651-8EF3-BA8F87E5F43D}
		{BE7A04B1-2099-49D5-ACAB-40F2803D3AA8} = {4E0DBFB4-3519-4B43-AFBA-B683A5D09A94}
		{4C39EB97-BB1A-49D3-8C16-5F924F92B9E2} = {F8BE38AA-B362-4C57-A290-68E8A59CC1E4}
		{E85A4B44-629C-4672-8BCB-1E934F3AD3E6} = {5ED93F49-135B-4109-958E-D05D1F2AAD6F}
		{AB3BB8DF-F1B9-4395-BDCA-17932A1124B5} = {5ED93F49-135B-4109-958E-D05D1F2AAD6F}
		{14F91820-E4F8-42CF-B65D-4E7E19080C0B} = {E85A4B44-629C-4672-8BCB-1E934F3AD3E6}
		{486F6DE8-2655-4638-B3D8-A294DEEF4689} = {AB3BB8DF-F1B9-4395-BDCA-17932A1124B5}
		{05D14E15-43BE-4364-A331-245BD75816E4} = {E85A4B44-629C-4672-8BCB-1E934F3AD3E6}
		{E088C3C2-21AE-4AD0-BB8C-05152E686471} = {C8F6D13F-1951-45E8-ADB4-AA52B5CC21C8}
		{FB17661D-244E-483A-83DA-B0AC6B08DEF0} = {C8F6D13F-1951-45E8-ADB4-AA52B5CC21C8}
		{444F8419-840A-47B0-9F6B-23AE5F662F58} = {E088C3C2-21AE-4AD0-BB8C-05152E686471}
		{A9DA2168-4818-488F-AE38-314E6B53A1B0} = {FB17661D-244E-483A-83DA-B0AC6B08DEF0}
		{D572A3C2-B75F-4CBD-A64F-419420BC3C2F} = {F319E16E-BB7C-4F65-B349-3CEF228E5FF9}
		{E8668982-9534-4D39-A353-588D77ECB1AE} = {F319E16E-BB7C-4F65-B349-3CEF228E5FF9}
		{452BA58A-8D40-4F36-ABD9-55CD52AC1E1A} = {D572A3C2-B75F-4CBD-A64F-419420BC3C2F}
		{9A33BCD2-275A-447B-9A5B-1B22A7900010} = {D572A3C2-B75F-4CBD-A64F-419420BC3C2F}
		{46FB3759-991E-49CD-9166-1858A2C720A3} = {B518C980-969B-4731-8F29-1B96231B0053}
		{97DB5B76-F145-4934-B0EC-DC87C470FFEC} = {B518C980-969B-4731-8F29-1B96231B0053}
		{0C60B3FD-F507-438A-BB67-37CC55C82E47} = {46FB3759-991E-49CD-9166-1858A2C720A3}
		{2CBD5FE6-4672-43AC-8C53-6B5C9F3D94BD} = {97DB5B76-F145-4934-B0EC-DC87C470FFEC}
		{F5BAB006-3F0E-4D4D-ACBF-E93F08C53C78} = {2CBD5FE6-4672-43AC-8C53-6B5C9F3D94BD}
		{10E5C94E-6330-488C-A7F4-6121E9EA3140} = {97DB5B76-F145-4934-B0EC-DC87C470FFEC}
		{9FCC1FCA-E5D4-4BD6-98B9-65507511A852} = {10E5C94E-6330-488C-A7F4-6121E9EA3140}
		{34024A7F-EB6D-48D8-8FBD-A59391A18E91} = {91CEA3D8-9C2A-430A-9D37-75ACFF41866B}
		{0F6FB8DA-F6AC-4298-9459-14C827B0BF5B} = {34024A7F-EB6D-48D8-8FBD-A59391A18E91}
		{A3A0D2AF-23CA-4A59-A0D2-7FF3C911DE41} = {34024A7F-EB6D-48D8-8FBD-A59391A18E91}
		{353E47D8-6C9C-430A-BF3F-35C6B186EFDF} = {91CEA3D8-9C2A-430A-9D37-75ACFF41866B}
		{8D6958CC-F03A-47F8-85D2-C766E4BD841E} = {353E47D8-6C9C-430A-BF3F-35C6B186EFDF}
		{7859ECE4-33C7-4D27-BF82-1AC3B16591B3} = {4ECAB7CC-C76A-4455-BE48-11628D505DB8}
		{9BE41D51-15AC-48EE-9395-CA49A5B94C76} = {4ECAB7CC-C76A-4455-BE48-11628D505DB8}
		{AE42DDF5-870D-4F97-A66A-71CAECDF3464} = {7859ECE4-33C7-4D27-BF82-1AC3B16591B3}
		{88C0160F-1A98-4DA6-8C58-827A635530D4} = {9BE41D51-15AC-48EE-9395-CA49A5B94C76}
		{830F67B0-F2E3-4543-9C3A-9F0F5BB215FE} = {9BE41D51-15AC-48EE-9395-CA49A5B94C76}
		{96B9A092-396D-44F4-BA80-2DE58E431543} = {836CE24B-5ECD-4DA8-83FA-F53DA22409DA}
		{F20F63D8-AA0B-4CA5-8F8A-B4ACB20EEE26} = {96B9A092-396D-44F4-BA80-2DE58E431543}
		{DBBD4EEE-04F6-4360-8FDE-F24D59623731} = {2EC9D6D0-2455-42C2-A9E6-16B596F4E2F6}
		{4741B903-0609-400B-9B2A-453467662287} = {DBBD4EEE-04F6-4360-8FDE-F24D59623731}
		{1EEAAFC3-8A26-48B5-8B9B-40682E85D61A} = {2EC9D6D0-2455-42C2-A9E6-16B596F4E2F6}
		{DD607B44-79B0-4C40-9693-6F4CA85DA1AA} = {1EEAAFC3-8A26-48B5-8B9B-40682E85D61A}
		{3D905D72-75EA-44C6-919E-99C44A79476B} = {1EEAAFC3-8A26-48B5-8B9B-40682E85D61A}
		{ED774418-6D51-4678-9B2C-677665CCA49E} = {1666C2BA-6531-440A-B38D-B0869629AFD8}
		{C5B143EB-F785-47A8-913A-C3E541A485D5} = {1666C2BA-6531-440A-B38D-B0869629AFD8}
		{054921E0-C0CA-4AFE-AF1D-02B5E411A05C} = {ED774418-6D51-4678-9B2C-677665CCA49E}
		{9A77B070-CA9A-4FE5-98F5-F57AE4F82784} = {ED774418-6D51-4678-9B2C-677665CCA49E}
		{57EC1C63-06D4-4D1E-B141-9AF2557AAA66} = {ED774418-6D51-4678-9B2C-677665CCA49E}
		{3EF93E07-910A-4B19-8BE8-509361F2FA79} = {C5B143EB-F785-47A8-913A-C3E541A485D5}
		{FB742DD4-4482-433F-916F-D1B9046657F2} = {C5B143EB-F785-47A8-913A-C3E541A485D5}
		{82443F5B-CB0C-4462-8B45-C4E0FB877167} = {CB15A84F-69CC-47A0-A628-6393C09112EB}
		{F0BCB480-B0C4-4C63-A4B6-CD049DAF19C0} = {82443F5B-CB0C-4462-8B45-C4E0FB877167}
		{2FB41562-9F13-4DAD-8525-454C8E4AD93C} = {82443F5B-CB0C-4462-8B45-C4E0FB877167}
		{273E8D39-8B61-461E-B36D-20A428DD2BD0} = {82443F5B-CB0C-4462-8B45-C4E0FB877167}
		{BB478947-9F44-4AFE-BA2B-238018F87B32} = {CB15A84F-69CC-47A0-A628-6393C09112EB}
		{3EBB8634-01CB-4815-A5B1-581B9D19002E} = {BB478947-9F44-4AFE-BA2B-238018F87B32}
		{937213ED-A982-4FAE-8E1B-2019AECADAA8} = {BB478947-9F44-4AFE-BA2B-238018F87B32}
		{DA9A603C-47B5-44BE-A2BA-BAF543A98E9F} = {BB478947-9F44-4AFE-BA2B-238018F87B32}
		{5AA6F50F-4873-45B8-BBB7-3B241900A06B} = {C0F4C94B-EF98-4C12-90CD-D1933D9D47BB}
		{C58250C6-8050-4529-A50B-79E0F7649CB7} = {C0F4C94B-EF98-4C12-90CD-D1933D9D47BB}
		{D0BEE3C3-08F8-4269-94DD-F971B14EA3BB} = {C58250C6-8050-4529-A50B-79E0F7649CB7}
		{B45B3E32-16BC-49B2-923A-20E3B2E8718E} = {C58250C6-8050-4529-A50B-79E0F7649CB7}
		{CA86F4AA-0F82-4B20-B7AB-8C3B7B91F789} = {96B9A092-396D-44F4-BA80-2DE58E431543}
		{3ADF4404-9682-4F32-B043-47305B423D2A} = {397B1AE1-99C4-481C-A0D0-7924D5812425}
		{F7D9D17C-5BDA-4BF6-AFD4-54E4334038B2} = {397B1AE1-99C4-481C-A0D0-7924D5812425}
		{379B6D0E-BB82-4143-A14A-4FB72C512199} = {3ADF4404-9682-4F32-B043-47305B423D2A}
		{F8BCCD9B-9A7C-40E0-AC74-68A1B2BD282A} = {3ADF4404-9682-4F32-B043-47305B423D2A}
		{14FDFFF5-58A8-4B0F-9F89-625FDC0428FC} = {F7D9D17C-5BDA-4BF6-AFD4-54E4334038B2}
		{E4C1004B-DA99-4C5B-AB6B-FAA5FDD8D7A2} = {F7D9D17C-5BDA-4BF6-AFD4-54E4334038B2}
		{E3E206C4-0359-4F72-B4DA-166246DCD52C} = {D9AE9DD6-4C36-464A-8673-0EDD496169D7}
		{9AA7F694-B3D2-4842-9DBB-5629BBA469B2} = {E3E206C4-0359-4F72-B4DA-166246DCD52C}
		{957459AA-508A-459C-A763-50F2AA08D117} = {E3E206C4-0359-4F72-B4DA-166246DCD52C}
		{948A67DF-530D-42E2-BEA5-1A6E747F71E6} = {96B9A092-396D-44F4-BA80-2DE58E431543}
		{8AB09A2C-F7DA-41C3-BBD2-81AF92BAC1EB} = {D9AE9DD6-4C36-464A-8673-0EDD496169D7}
		{9EB0773F-DEC3-4369-A18C-3CF7086F8D44} = {8AB09A2C-F7DA-41C3-BBD2-81AF92BAC1EB}
		{725D9A10-38E3-4A06-8070-732B85B4C4B7} = {8AB09A2C-F7DA-41C3-BBD2-81AF92BAC1EB}
		{5F309D2C-C5C4-4AEC-B4AD-3A83879FD339} = {3663233C-9DE8-4BCE-BB99-01BD72C57930}
		{ECC5D625-2A71-43B3-BA4D-38AF9BBA30ED} = {5F309D2C-C5C4-4AEC-B4AD-3A83879FD339}
		{188D419E-C8D5-4244-BCEA-0C1E934C8DF4} = {0DABD856-78B7-48E6-B032-2FEB2D49F38A}
		{E6CB01C8-A502-42A3-AAED-85F0ADC2338B} = {0DABD856-78B7-48E6-B032-2FEB2D49F38A}
		{478D6AC7-75A1-45AE-87F4-A40E00CD2D55} = {188D419E-C8D5-4244-BCEA-0C1E934C8DF4}
		{6B051B29-EB66-4DC1-9643-26BFF6082C89} = {188D419E-C8D5-4244-BCEA-0C1E934C8DF4}
	EndGlobalSection
	GlobalSection(ExtensibilityGlobals) = postSolution
		SolutionGuid = {BB59A50D-21EC-4139-8CA1-AEE52BD63398}
	EndGlobalSection
EndGlobal
