
Microsoft Visual Studio Solution File, Format Version 12.00
# Visual Studio Version 17
VisualStudioVersion = 17.5.33627.172
MinimumVisualStudioVersion = 10.0.40219.1
Project("{9A19103F-16F7-4668-BE54-9A1E7A4F7556}") = "Uyga_vazifa1", "Uyga_vazifa1\Uyga_vazifa1.csproj", "{67F08D7C-584B-4A30-B97E-619B477B9325}"
EndProject
Project("{2150E333-8FDC-42A3-9474-1A3956D46DE8}") = "N4", "N4", "{777ADEA3-FB2D-4454-B27A-3E4FA5B618FB}"
EndProject
Project("{2150E333-8FDC-42A3-9474-1A3956D46DE8}") = "TASKS", "TASKS", "{89273CB1-7D61-468B-8192-386CDA9E1A90}"
EndProject
Project("{9A19103F-16F7-4668-BE54-9A1E7A4F7556}") = "N4-TASKS", "N4-TASKS\N4-TASKS.csproj", "{B4CBD359-EF03-4BEE-93C8-B881C2AE8053}"
EndProject
Project("{9A19103F-16F7-4668-BE54-9A1E7A4F7556}") = "N4-TASKS2", "N4-TASKS2\N4-TASKS2.csproj", "{1B384435-B8FA-4B51-9642-6DAB401EB5BB}"
EndProject
Project("{2150E333-8FDC-42A3-9474-1A3956D46DE8}") = "N5", "N5", "{6E4F61F6-8B99-4651-8EF3-BA8F87E5F43D}"
EndProject
Project("{2150E333-8FDC-42A3-9474-1A3956D46DE8}") = "CT", "CT", "{4E0DBFB4-3519-4B43-AFBA-B683A5D09A94}"
EndProject
Project("{2150E333-8FDC-42A3-9474-1A3956D46DE8}") = "HT", "HT", "{F8BE38AA-B362-4C57-A290-68E8A59CC1E4}"
EndProject
Project("{9A19103F-16F7-4668-BE54-9A1E7A4F7556}") = "N5_CT", "N5_CT\N5_CT.csproj", "{BE7A04B1-2099-49D5-ACAB-40F2803D3AA8}"
EndProject
Project("{9A19103F-16F7-4668-BE54-9A1E7A4F7556}") = "N5_HT", "N5_HT\N5_HT.csproj", "{4C39EB97-BB1A-49D3-8C16-5F924F92B9E2}"
EndProject
Project("{2150E333-8FDC-42A3-9474-1A3956D46DE8}") = "N6", "N6", "{5ED93F49-135B-4109-958E-D05D1F2AAD6F}"
EndProject
Project("{2150E333-8FDC-42A3-9474-1A3956D46DE8}") = "N6-HT", "N6-HT", "{E85A4B44-629C-4672-8BCB-1E934F3AD3E6}"
EndProject
Project("{2150E333-8FDC-42A3-9474-1A3956D46DE8}") = "N6-CT", "N6-CT", "{AB3BB8DF-F1B9-4395-BDCA-17932A1124B5}"
EndProject
Project("{FAE04EC0-301F-11D3-BF4B-00C04F79EFBC}") = "HT-TASK1", "HT-TASK1\HT-TASK1.csproj", "{14F91820-E4F8-42CF-B65D-4E7E19080C0B}"
EndProject
Global
	GlobalSection(SolutionConfigurationPlatforms) = preSolution
		Debug|Any CPU = Debug|Any CPU
		Release|Any CPU = Release|Any CPU
	EndGlobalSection
	GlobalSection(ProjectConfigurationPlatforms) = postSolution
		{67F08D7C-584B-4A30-B97E-619B477B9325}.Debug|Any CPU.ActiveCfg = Debug|Any CPU
		{67F08D7C-584B-4A30-B97E-619B477B9325}.Debug|Any CPU.Build.0 = Debug|Any CPU
		{67F08D7C-584B-4A30-B97E-619B477B9325}.Release|Any CPU.ActiveCfg = Release|Any CPU
		{67F08D7C-584B-4A30-B97E-619B477B9325}.Release|Any CPU.Build.0 = Release|Any CPU
		{B4CBD359-EF03-4BEE-93C8-B881C2AE8053}.Debug|Any CPU.ActiveCfg = Debug|Any CPU
		{B4CBD359-EF03-4BEE-93C8-B881C2AE8053}.Debug|Any CPU.Build.0 = Debug|Any CPU
		{B4CBD359-EF03-4BEE-93C8-B881C2AE8053}.Release|Any CPU.ActiveCfg = Release|Any CPU
		{B4CBD359-EF03-4BEE-93C8-B881C2AE8053}.Release|Any CPU.Build.0 = Release|Any CPU
		{1B384435-B8FA-4B51-9642-6DAB401EB5BB}.Debug|Any CPU.ActiveCfg = Debug|Any CPU
		{1B384435-B8FA-4B51-9642-6DAB401EB5BB}.Debug|Any CPU.Build.0 = Debug|Any CPU
		{1B384435-B8FA-4B51-9642-6DAB401EB5BB}.Release|Any CPU.ActiveCfg = Release|Any CPU
		{1B384435-B8FA-4B51-9642-6DAB401EB5BB}.Release|Any CPU.Build.0 = Release|Any CPU
		{BE7A04B1-2099-49D5-ACAB-40F2803D3AA8}.Debug|Any CPU.ActiveCfg = Debug|Any CPU
		{BE7A04B1-2099-49D5-ACAB-40F2803D3AA8}.Debug|Any CPU.Build.0 = Debug|Any CPU
		{BE7A04B1-2099-49D5-ACAB-40F2803D3AA8}.Release|Any CPU.ActiveCfg = Release|Any CPU
		{BE7A04B1-2099-49D5-ACAB-40F2803D3AA8}.Release|Any CPU.Build.0 = Release|Any CPU
		{4C39EB97-BB1A-49D3-8C16-5F924F92B9E2}.Debug|Any CPU.ActiveCfg = Debug|Any CPU
		{4C39EB97-BB1A-49D3-8C16-5F924F92B9E2}.Debug|Any CPU.Build.0 = Debug|Any CPU
		{4C39EB97-BB1A-49D3-8C16-5F924F92B9E2}.Release|Any CPU.ActiveCfg = Release|Any CPU
		{4C39EB97-BB1A-49D3-8C16-5F924F92B9E2}.Release|Any CPU.Build.0 = Release|Any CPU
		{14F91820-E4F8-42CF-B65D-4E7E19080C0B}.Debug|Any CPU.ActiveCfg = Debug|Any CPU
		{14F91820-E4F8-42CF-B65D-4E7E19080C0B}.Debug|Any CPU.Build.0 = Debug|Any CPU
		{14F91820-E4F8-42CF-B65D-4E7E19080C0B}.Release|Any CPU.ActiveCfg = Release|Any CPU
		{14F91820-E4F8-42CF-B65D-4E7E19080C0B}.Release|Any CPU.Build.0 = Release|Any CPU
	EndGlobalSection
	GlobalSection(SolutionProperties) = preSolution
		HideSolutionNode = FALSE
	EndGlobalSection
	GlobalSection(NestedProjects) = preSolution
		{89273CB1-7D61-468B-8192-386CDA9E1A90} = {777ADEA3-FB2D-4454-B27A-3E4FA5B618FB}
		{B4CBD359-EF03-4BEE-93C8-B881C2AE8053} = {89273CB1-7D61-468B-8192-386CDA9E1A90}
		{1B384435-B8FA-4B51-9642-6DAB401EB5BB} = {89273CB1-7D61-468B-8192-386CDA9E1A90}
		{4E0DBFB4-3519-4B43-AFBA-B683A5D09A94} = {6E4F61F6-8B99-4651-8EF3-BA8F87E5F43D}
		{F8BE38AA-B362-4C57-A290-68E8A59CC1E4} = {6E4F61F6-8B99-4651-8EF3-BA8F87E5F43D}
		{BE7A04B1-2099-49D5-ACAB-40F2803D3AA8} = {4E0DBFB4-3519-4B43-AFBA-B683A5D09A94}
		{4C39EB97-BB1A-49D3-8C16-5F924F92B9E2} = {F8BE38AA-B362-4C57-A290-68E8A59CC1E4}
		{E85A4B44-629C-4672-8BCB-1E934F3AD3E6} = {5ED93F49-135B-4109-958E-D05D1F2AAD6F}
		{AB3BB8DF-F1B9-4395-BDCA-17932A1124B5} = {5ED93F49-135B-4109-958E-D05D1F2AAD6F}
		{14F91820-E4F8-42CF-B65D-4E7E19080C0B} = {E85A4B44-629C-4672-8BCB-1E934F3AD3E6}
	EndGlobalSection
	GlobalSection(ExtensibilityGlobals) = postSolution
		SolutionGuid = {BB59A50D-21EC-4139-8CA1-AEE52BD63398}
	EndGlobalSection
EndGlobal
