
Microsoft Visual Studio Solution File, Format Version 12.00
# Visual Studio Version 17
VisualStudioVersion = 17.5.33627.172
MinimumVisualStudioVersion = 10.0.40219.1
Project("{FAE04EC0-301F-11D3-BF4B-00C04F79EFBC}") = "Uyga_vazifa1", "Uyga_vazifa1\Uyga_vazifa1.csproj", "{67F08D7C-584B-4A30-B97E-619B477B9325}"
EndProject
Project("{2150E333-8FDC-42A3-9474-1A3956D46DE8}") = "N4", "N4", "{777ADEA3-FB2D-4454-B27A-3E4FA5B618FB}"
EndProject
Project("{2150E333-8FDC-42A3-9474-1A3956D46DE8}") = "TASKS", "TASKS", "{89273CB1-7D61-468B-8192-386CDA9E1A90}"
EndProject
Project("{FAE04EC0-301F-11D3-BF4B-00C04F79EFBC}") = "N4-TASKS", "N4-TASKS\N4-TASKS.csproj", "{B4CBD359-EF03-4BEE-93C8-B881C2AE8053}"
EndProject
Project("{FAE04EC0-301F-11D3-BF4B-00C04F79EFBC}") = "N4-TASKS2", "N4-TASKS2\N4-TASKS2.csproj", "{1B384435-B8FA-4B51-9642-6DAB401EB5BB}"
EndProject
Global
	GlobalSection(SolutionConfigurationPlatforms) = preSolution
		Debug|Any CPU = Debug|Any CPU
		Release|Any CPU = Release|Any CPU
	EndGlobalSection
	GlobalSection(ProjectConfigurationPlatforms) = postSolution
		{67F08D7C-584B-4A30-B97E-619B477B9325}.Debug|Any CPU.ActiveCfg = Debug|Any CPU
		{67F08D7C-584B-4A30-B97E-619B477B9325}.Debug|Any CPU.Build.0 = Debug|Any CPU
		{67F08D7C-584B-4A30-B97E-619B477B9325}.Release|Any CPU.ActiveCfg = Release|Any CPU
		{67F08D7C-584B-4A30-B97E-619B477B9325}.Release|Any CPU.Build.0 = Release|Any CPU
		{B4CBD359-EF03-4BEE-93C8-B881C2AE8053}.Debug|Any CPU.ActiveCfg = Debug|Any CPU
		{B4CBD359-EF03-4BEE-93C8-B881C2AE8053}.Debug|Any CPU.Build.0 = Debug|Any CPU
		{B4CBD359-EF03-4BEE-93C8-B881C2AE8053}.Release|Any CPU.ActiveCfg = Release|Any CPU
		{B4CBD359-EF03-4BEE-93C8-B881C2AE8053}.Release|Any CPU.Build.0 = Release|Any CPU
		{1B384435-B8FA-4B51-9642-6DAB401EB5BB}.Debug|Any CPU.ActiveCfg = Debug|Any CPU
		{1B384435-B8FA-4B51-9642-6DAB401EB5BB}.Debug|Any CPU.Build.0 = Debug|Any CPU
		{1B384435-B8FA-4B51-9642-6DAB401EB5BB}.Release|Any CPU.ActiveCfg = Release|Any CPU
		{1B384435-B8FA-4B51-9642-6DAB401EB5BB}.Release|Any CPU.Build.0 = Release|Any CPU
	EndGlobalSection
	GlobalSection(SolutionProperties) = preSolution
		HideSolutionNode = FALSE
	EndGlobalSection
	GlobalSection(NestedProjects) = preSolution
		{89273CB1-7D61-468B-8192-386CDA9E1A90} = {777ADEA3-FB2D-4454-B27A-3E4FA5B618FB}
		{B4CBD359-EF03-4BEE-93C8-B881C2AE8053} = {89273CB1-7D61-468B-8192-386CDA9E1A90}
		{1B384435-B8FA-4B51-9642-6DAB401EB5BB} = {89273CB1-7D61-468B-8192-386CDA9E1A90}
	EndGlobalSection
	GlobalSection(ExtensibilityGlobals) = postSolution
		SolutionGuid = {BB59A50D-21EC-4139-8CA1-AEE52BD63398}
	EndGlobalSection
EndGlobal
